
Microsoft Visual Studio Solution File, Format Version 12.00
# Visual Studio Version 16
VisualStudioVersion = 16.0.810.13
MinimumVisualStudioVersion = 10.0.40219.1
Project("{FAE04EC0-301F-11D3-BF4B-00C04F79EFBC}") = "HelloWorld", "HelloWorld\HelloWorld.csproj", "{C81CB9A2-10D4-45EF-A584-6E9252EB3F45}"
EndProject
Global
	GlobalSection(SolutionConfigurationPlatforms) = preSolution
		Debug|Any CPU = Debug|Any CPU
		Release|Any CPU = Release|Any CPU
	EndGlobalSection
	GlobalSection(ProjectConfigurationPlatforms) = postSolution
		{C81CB9A2-10D4-45EF-A584-6E9252EB3F45}.Debug|Any CPU.ActiveCfg = Debug|Any CPU
		{C81CB9A2-10D4-45EF-A584-6E9252EB3F45}.Debug|Any CPU.Build.0 = Debug|Any CPU
		{C81CB9A2-10D4-45EF-A584-6E9252EB3F45}.Release|Any CPU.ActiveCfg = Release|Any CPU
		{C81CB9A2-10D4-45EF-A584-6E9252EB3F45}.Release|Any CPU.Build.0 = Release|Any CPU
	EndGlobalSection
	GlobalSection(SolutionProperties) = preSolution
		HideSolutionNode = FALSE
	EndGlobalSection
	GlobalSection(ExtensibilityGlobals) = postSolution
		SolutionGuid = {D8224EE2-A7F9-4C61-8222-6EBC7F202343}
	EndGlobalSection
EndGlobal
